# This file is automatically @generated by Cargo.
# It is not intended for manual editing.
version = 4

[[package]]
name = "disallowed-source-fixture"
version = "0.0.0"
dependencies = [
 "itoa",
]

[[package]]
name = "itoa"
version = "1.0.18"
source = "git+https://github.com/dtolnay/itoa?rev=1577ed901354d0d7448ac162328f9dbf5183124c#1577ed901354d0d7448ac162328f9dbf5183124c"
